
Microsoft Visual Studio Solution File, Format Version 12.00
# Visual Studio Version 16
VisualStudioVersion = 16.0.30225.117
MinimumVisualStudioVersion = 10.0.40219.1
Project("{8BC9CEB8-8B4A-11D0-8D11-00A0C91BC942}") = "GAMES101-HW05", "GAMES101-HW05\GAMES101-HW05.vcxproj", "{285CABFF-1EEF-4C62-9F2B-25CE54BD2100}"
EndProject
Global
	GlobalSection(SolutionConfigurationPlatforms) = preSolution
		Debug|x64 = Debug|x64
		Debug|x86 = Debug|x86
		Release|x64 = Release|x64
		Release|x86 = Release|x86
	EndGlobalSection
	GlobalSection(ProjectConfigurationPlatforms) = postSolution
		{285CABFF-1EEF-4C62-9F2B-25CE54BD2100}.Debug|x64.ActiveCfg = Debug|x64
		{285CABFF-1EEF-4C62-9F2B-25CE54BD2100}.Debug|x64.Build.0 = Debug|x64
		{285CABFF-1EEF-4C62-9F2B-25CE54BD2100}.Debug|x86.ActiveCfg = Debug|Win32
		{285CABFF-1EEF-4C62-9F2B-25CE54BD2100}.Debug|x86.Build.0 = Debug|Win32
		{285CABFF-1EEF-4C62-9F2B-25CE54BD2100}.Release|x64.ActiveCfg = Release|x64
		{285CABFF-1EEF-4C62-9F2B-25CE54BD2100}.Release|x64.Build.0 = Release|x64
		{285CABFF-1EEF-4C62-9F2B-25CE54BD2100}.Release|x86.ActiveCfg = Release|Win32
		{285CABFF-1EEF-4C62-9F2B-25CE54BD2100}.Release|x86.Build.0 = Release|Win32
	EndGlobalSection
	GlobalSection(SolutionProperties) = preSolution
		HideSolutionNode = FALSE
	EndGlobalSection
	GlobalSection(ExtensibilityGlobals) = postSolution
		SolutionGuid = {1D0A5E74-04A3-4352-8C2F-79D0B2176289}
	EndGlobalSection
EndGlobal
